
Microsoft Visual Studio Solution File, Format Version 12.00
# Visual Studio Version 17
VisualStudioVersion = 17.8.34309.116
MinimumVisualStudioVersion = 10.0.40219.1
Project("{2150E333-8FDC-42A3-9474-1A3956D46DE8}") = "Solution Items", "Solution Items", "{7156381B-4F6E-4895-B107-D214E04409C8}"
	ProjectSection(SolutionItems) = preProject
		.gitignore = .gitignore
	EndProjectSection
EndProject
Project("{FAE04EC0-301F-11D3-BF4B-00C04F79EFBC}") = "AdventOfCode.Api", "AdventOfCode.Api\AdventOfCode.Api.csproj", "{B1F5DA02-19E2-4B2E-9162-ACBB4936EE90}"
EndProject
Project("{FAE04EC0-301F-11D3-BF4B-00C04F79EFBC}") = "AdventOfCode.2023", "AdventOfCode.2023\AdventOfCode.2023.csproj", "{58E3B90C-2081-47DF-96E4-E1A52952B733}"
EndProject
Project("{FAE04EC0-301F-11D3-BF4B-00C04F79EFBC}") = "AdventOfCode.Common", "AdventOfCode.Common\AdventOfCode.Common.csproj", "{31637E9E-97DA-4F80-B543-EFB946D70022}"
EndProject
Global
	GlobalSection(SolutionConfigurationPlatforms) = preSolution
		Debug|Any CPU = Debug|Any CPU
		Debug|x64 = Debug|x64
		Debug|x86 = Debug|x86
		Release|Any CPU = Release|Any CPU
		Release|x64 = Release|x64
		Release|x86 = Release|x86
	EndGlobalSection
	GlobalSection(ProjectConfigurationPlatforms) = postSolution
		{B1F5DA02-19E2-4B2E-9162-ACBB4936EE90}.Debug|Any CPU.ActiveCfg = Debug|Any CPU
		{B1F5DA02-19E2-4B2E-9162-ACBB4936EE90}.Debug|Any CPU.Build.0 = Debug|Any CPU
		{B1F5DA02-19E2-4B2E-9162-ACBB4936EE90}.Debug|x64.ActiveCfg = Debug|Any CPU
		{B1F5DA02-19E2-4B2E-9162-ACBB4936EE90}.Debug|x64.Build.0 = Debug|Any CPU
		{B1F5DA02-19E2-4B2E-9162-ACBB4936EE90}.Debug|x86.ActiveCfg = Debug|Any CPU
		{B1F5DA02-19E2-4B2E-9162-ACBB4936EE90}.Debug|x86.Build.0 = Debug|Any CPU
		{B1F5DA02-19E2-4B2E-9162-ACBB4936EE90}.Release|Any CPU.ActiveCfg = Release|Any CPU
		{B1F5DA02-19E2-4B2E-9162-ACBB4936EE90}.Release|Any CPU.Build.0 = Release|Any CPU
		{B1F5DA02-19E2-4B2E-9162-ACBB4936EE90}.Release|x64.ActiveCfg = Release|Any CPU
		{B1F5DA02-19E2-4B2E-9162-ACBB4936EE90}.Release|x64.Build.0 = Release|Any CPU
		{B1F5DA02-19E2-4B2E-9162-ACBB4936EE90}.Release|x86.ActiveCfg = Release|Any CPU
		{B1F5DA02-19E2-4B2E-9162-ACBB4936EE90}.Release|x86.Build.0 = Release|Any CPU
		{58E3B90C-2081-47DF-96E4-E1A52952B733}.Debug|Any CPU.ActiveCfg = Debug|Any CPU
		{58E3B90C-2081-47DF-96E4-E1A52952B733}.Debug|Any CPU.Build.0 = Debug|Any CPU
		{58E3B90C-2081-47DF-96E4-E1A52952B733}.Debug|x64.ActiveCfg = Debug|Any CPU
		{58E3B90C-2081-47DF-96E4-E1A52952B733}.Debug|x64.Build.0 = Debug|Any CPU
		{58E3B90C-2081-47DF-96E4-E1A52952B733}.Debug|x86.ActiveCfg = Debug|Any CPU
		{58E3B90C-2081-47DF-96E4-E1A52952B733}.Debug|x86.Build.0 = Debug|Any CPU
		{58E3B90C-2081-47DF-96E4-E1A52952B733}.Release|Any CPU.ActiveCfg = Release|Any CPU
		{58E3B90C-2081-47DF-96E4-E1A52952B733}.Release|Any CPU.Build.0 = Release|Any CPU
		{58E3B90C-2081-47DF-96E4-E1A52952B733}.Release|x64.ActiveCfg = Release|Any CPU
		{58E3B90C-2081-47DF-96E4-E1A52952B733}.Release|x64.Build.0 = Release|Any CPU
		{58E3B90C-2081-47DF-96E4-E1A52952B733}.Release|x86.ActiveCfg = Release|Any CPU
		{58E3B90C-2081-47DF-96E4-E1A52952B733}.Release|x86.Build.0 = Release|Any CPU
		{31637E9E-97DA-4F80-B543-EFB946D70022}.Debug|Any CPU.ActiveCfg = Debug|Any CPU
		{31637E9E-97DA-4F80-B543-EFB946D70022}.Debug|Any CPU.Build.0 = Debug|Any CPU
		{31637E9E-97DA-4F80-B543-EFB946D70022}.Debug|x64.ActiveCfg = Debug|Any CPU
		{31637E9E-97DA-4F80-B543-EFB946D70022}.Debug|x64.Build.0 = Debug|Any CPU
		{31637E9E-97DA-4F80-B543-EFB946D70022}.Debug|x86.ActiveCfg = Debug|Any CPU
		{31637E9E-97DA-4F80-B543-EFB946D70022}.Debug|x86.Build.0 = Debug|Any CPU
		{31637E9E-97DA-4F80-B543-EFB946D70022}.Release|Any CPU.ActiveCfg = Release|Any CPU
		{31637E9E-97DA-4F80-B543-EFB946D70022}.Release|Any CPU.Build.0 = Release|Any CPU
		{31637E9E-97DA-4F80-B543-EFB946D70022}.Release|x64.ActiveCfg = Release|Any CPU
		{31637E9E-97DA-4F80-B543-EFB946D70022}.Release|x64.Build.0 = Release|Any CPU
		{31637E9E-97DA-4F80-B543-EFB946D70022}.Release|x86.ActiveCfg = Release|Any CPU
		{31637E9E-97DA-4F80-B543-EFB946D70022}.Release|x86.Build.0 = Release|Any CPU
	EndGlobalSection
	GlobalSection(SolutionProperties) = preSolution
		HideSolutionNode = FALSE
	EndGlobalSection
	GlobalSection(ExtensibilityGlobals) = postSolution
		SolutionGuid = {7C976BE3-A243-4E40-9157-A26903E45DCD}
	EndGlobalSection
EndGlobal
